// !$*UTF8*$!
{
	archiveVersion = 1;
	classes = {
	};
	objectVersion = 56;
	objects = {

/* Begin PBXBuildFile section */
		5904699D2A2FC2660007FD69 /* JokeResponse.json in Resources */ = {isa = PBXBuildFile; fileRef = 5904699C2A2FC2660007FD69 /* JokeResponse.json */; };
		590469A02A2FC2B30007FD69 /* AppConstants.swift in Sources */ = {isa = PBXBuildFile; fileRef = 5904699F2A2FC2B30007FD69 /* AppConstants.swift */; };
		590469A22A2FC6830007FD69 /* FakeNetworkManager.swift in Sources */ = {isa = PBXBuildFile; fileRef = 590469A12A2FC6830007FD69 /* FakeNetworkManager.swift */; };
		590469A62A2FCCFD0007FD69 /* JokeRepositoryProtocol.swift in Sources */ = {isa = PBXBuildFile; fileRef = 590469A52A2FCCFD0007FD69 /* JokeRepositoryProtocol.swift */; };
		590469A82A2FCDF90007FD69 /* JokeRepositoryImpl.swift in Sources */ = {isa = PBXBuildFile; fileRef = 590469A72A2FCDF90007FD69 /* JokeRepositoryImpl.swift */; };
		590469AA2A2FE5EF0007FD69 /* JokeRepositoryImplTest.swift in Sources */ = {isa = PBXBuildFile; fileRef = 590469A92A2FE5EF0007FD69 /* JokeRepositoryImplTest.swift */; };
		592CA8952A2E6C75000FF91A /* TellMeAJokeApp.swift in Sources */ = {isa = PBXBuildFile; fileRef = 592CA8942A2E6C75000FF91A /* TellMeAJokeApp.swift */; };
		592CA8972A2E6C75000FF91A /* ContentView.swift in Sources */ = {isa = PBXBuildFile; fileRef = 592CA8962A2E6C75000FF91A /* ContentView.swift */; };
		592CA8992A2E6C76000FF91A /* Assets.xcassets in Resources */ = {isa = PBXBuildFile; fileRef = 592CA8982A2E6C76000FF91A /* Assets.xcassets */; };
		592CA89C2A2E6C76000FF91A /* Preview Assets.xcassets in Resources */ = {isa = PBXBuildFile; fileRef = 592CA89B2A2E6C76000FF91A /* Preview Assets.xcassets */; };
		592CA8B02A2E6C76000FF91A /* TellMeAJokeUITests.swift in Sources */ = {isa = PBXBuildFile; fileRef = 592CA8AF2A2E6C76000FF91A /* TellMeAJokeUITests.swift */; };
		592CA8B22A2E6C76000FF91A /* TellMeAJokeUITestsLaunchTests.swift in Sources */ = {isa = PBXBuildFile; fileRef = 592CA8B12A2E6C76000FF91A /* TellMeAJokeUITestsLaunchTests.swift */; };
		592CA8C12A2E7575000FF91A /* Joke.swift in Sources */ = {isa = PBXBuildFile; fileRef = 592CA8C02A2E7575000FF91A /* Joke.swift */; };
		592CA8EB2A2E9984000FF91A /* JokeServiceProtocol.swift in Sources */ = {isa = PBXBuildFile; fileRef = 592CA8EA2A2E9984000FF91A /* JokeServiceProtocol.swift */; };
		592CA8ED2A2E9B15000FF91A /* NetworkManager.swift in Sources */ = {isa = PBXBuildFile; fileRef = 592CA8EC2A2E9B15000FF91A /* NetworkManager.swift */; };
		592D33792A31163E009E4C16 /* JokeViewModel.swift in Sources */ = {isa = PBXBuildFile; fileRef = 592D33782A31163E009E4C16 /* JokeViewModel.swift */; };
		592D337C2A3122AB009E4C16 /* JokeViewModelTest.swift in Sources */ = {isa = PBXBuildFile; fileRef = 592D337B2A3122AB009E4C16 /* JokeViewModelTest.swift */; };
		592D337F2A312A1A009E4C16 /* FakeJokeRepository.swift in Sources */ = {isa = PBXBuildFile; fileRef = 592D337E2A312A1A009E4C16 /* FakeJokeRepository.swift */; };
		599A63052A3227AA00B5DE10 /* JokeHost.swift in Sources */ = {isa = PBXBuildFile; fileRef = 599A63042A3227AA00B5DE10 /* JokeHost.swift */; };
		599A63072A322DB200B5DE10 /* JokeProgressView.swift in Sources */ = {isa = PBXBuildFile; fileRef = 599A63062A322DB200B5DE10 /* JokeProgressView.swift */; };
		599A63092A3247A900B5DE10 /* Setup.swift in Sources */ = {isa = PBXBuildFile; fileRef = 599A63082A3247A900B5DE10 /* Setup.swift */; };
		599A630C2A32553600B5DE10 /* ImageButton.swift in Sources */ = {isa = PBXBuildFile; fileRef = 599A630B2A32553600B5DE10 /* ImageButton.swift */; };
		59AABAC82A33D68B00172CA8 /* Punchline.swift in Sources */ = {isa = PBXBuildFile; fileRef = 59AABAC72A33D68B00172CA8 /* Punchline.swift */; };
		59AF641F2A32A58800F81EAE /* NiceSugar.ttf in Resources */ = {isa = PBXBuildFile; fileRef = 59AF641E2A32A58800F81EAE /* NiceSugar.ttf */; };
		59E2A37D2A3753AD001C3774 /* ErrorView.swift in Sources */ = {isa = PBXBuildFile; fileRef = 59E2A37C2A3753AD001C3774 /* ErrorView.swift */; };
		59EE38B22A34F7D300352C3D /* AnimationExt.swift in Sources */ = {isa = PBXBuildFile; fileRef = 59EE38B12A34F7D300352C3D /* AnimationExt.swift */; };
		59EE38B42A350AC600352C3D /* JokeTextModifier.swift in Sources */ = {isa = PBXBuildFile; fileRef = 59EE38B32A350AC600352C3D /* JokeTextModifier.swift */; };
/* End PBXBuildFile section */

/* Begin PBXContainerItemProxy section */
		592CA8A22A2E6C76000FF91A /* PBXContainerItemProxy */ = {
			isa = PBXContainerItemProxy;
			containerPortal = 592CA8892A2E6C75000FF91A /* Project object */;
			proxyType = 1;
			remoteGlobalIDString = 592CA8902A2E6C75000FF91A;
			remoteInfo = TellMeAJoke;
		};
		592CA8AC2A2E6C76000FF91A /* PBXContainerItemProxy */ = {
			isa = PBXContainerItemProxy;
			containerPortal = 592CA8892A2E6C75000FF91A /* Project object */;
			proxyType = 1;
			remoteGlobalIDString = 592CA8902A2E6C75000FF91A;
			remoteInfo = TellMeAJoke;
		};
/* End PBXContainerItemProxy section */

/* Begin PBXFileReference section */
		5904699C2A2FC2660007FD69 /* JokeResponse.json */ = {isa = PBXFileReference; lastKnownFileType = text.json; path = JokeResponse.json; sourceTree = "<group>"; };
		5904699F2A2FC2B30007FD69 /* AppConstants.swift */ = {isa = PBXFileReference; lastKnownFileType = sourcecode.swift; path = AppConstants.swift; sourceTree = "<group>"; };
		590469A12A2FC6830007FD69 /* FakeNetworkManager.swift */ = {isa = PBXFileReference; lastKnownFileType = sourcecode.swift; path = FakeNetworkManager.swift; sourceTree = "<group>"; };
		590469A52A2FCCFD0007FD69 /* JokeRepositoryProtocol.swift */ = {isa = PBXFileReference; lastKnownFileType = sourcecode.swift; path = JokeRepositoryProtocol.swift; sourceTree = "<group>"; };
		590469A72A2FCDF90007FD69 /* JokeRepositoryImpl.swift */ = {isa = PBXFileReference; lastKnownFileType = sourcecode.swift; path = JokeRepositoryImpl.swift; sourceTree = "<group>"; };
		590469A92A2FE5EF0007FD69 /* JokeRepositoryImplTest.swift */ = {isa = PBXFileReference; lastKnownFileType = sourcecode.swift; path = JokeRepositoryImplTest.swift; sourceTree = "<group>"; };
		592CA8912A2E6C75000FF91A /* TellMeAJoke.app */ = {isa = PBXFileReference; explicitFileType = wrapper.application; includeInIndex = 0; path = TellMeAJoke.app; sourceTree = BUILT_PRODUCTS_DIR; };
		592CA8942A2E6C75000FF91A /* TellMeAJokeApp.swift */ = {isa = PBXFileReference; lastKnownFileType = sourcecode.swift; path = TellMeAJokeApp.swift; sourceTree = "<group>"; };
		592CA8962A2E6C75000FF91A /* ContentView.swift */ = {isa = PBXFileReference; lastKnownFileType = sourcecode.swift; path = ContentView.swift; sourceTree = "<group>"; };
		592CA8982A2E6C76000FF91A /* Assets.xcassets */ = {isa = PBXFileReference; lastKnownFileType = folder.assetcatalog; path = Assets.xcassets; sourceTree = "<group>"; };
		592CA89B2A2E6C76000FF91A /* Preview Assets.xcassets */ = {isa = PBXFileReference; lastKnownFileType = folder.assetcatalog; path = "Preview Assets.xcassets"; sourceTree = "<group>"; };
		592CA8A12A2E6C76000FF91A /* TellMeAJokeTests.xctest */ = {isa = PBXFileReference; explicitFileType = wrapper.cfbundle; includeInIndex = 0; path = TellMeAJokeTests.xctest; sourceTree = BUILT_PRODUCTS_DIR; };
		592CA8AB2A2E6C76000FF91A /* TellMeAJokeUITests.xctest */ = {isa = PBXFileReference; explicitFileType = wrapper.cfbundle; includeInIndex = 0; path = TellMeAJokeUITests.xctest; sourceTree = BUILT_PRODUCTS_DIR; };
		592CA8AF2A2E6C76000FF91A /* TellMeAJokeUITests.swift */ = {isa = PBXFileReference; lastKnownFileType = sourcecode.swift; path = TellMeAJokeUITests.swift; sourceTree = "<group>"; };
		592CA8B12A2E6C76000FF91A /* TellMeAJokeUITestsLaunchTests.swift */ = {isa = PBXFileReference; lastKnownFileType = sourcecode.swift; path = TellMeAJokeUITestsLaunchTests.swift; sourceTree = "<group>"; };
		592CA8C02A2E7575000FF91A /* Joke.swift */ = {isa = PBXFileReference; lastKnownFileType = sourcecode.swift; path = Joke.swift; sourceTree = "<group>"; };
		592CA8EA2A2E9984000FF91A /* JokeServiceProtocol.swift */ = {isa = PBXFileReference; lastKnownFileType = sourcecode.swift; path = JokeServiceProtocol.swift; sourceTree = "<group>"; };
		592CA8EC2A2E9B15000FF91A /* NetworkManager.swift */ = {isa = PBXFileReference; lastKnownFileType = sourcecode.swift; path = NetworkManager.swift; sourceTree = "<group>"; };
		592D33782A31163E009E4C16 /* JokeViewModel.swift */ = {isa = PBXFileReference; lastKnownFileType = sourcecode.swift; path = JokeViewModel.swift; sourceTree = "<group>"; };
		592D337B2A3122AB009E4C16 /* JokeViewModelTest.swift */ = {isa = PBXFileReference; lastKnownFileType = sourcecode.swift; path = JokeViewModelTest.swift; sourceTree = "<group>"; };
		592D337E2A312A1A009E4C16 /* FakeJokeRepository.swift */ = {isa = PBXFileReference; lastKnownFileType = sourcecode.swift; path = FakeJokeRepository.swift; sourceTree = "<group>"; };
		595E9C532A32A0FC009B45BE /* Info.plist */ = {isa = PBXFileReference; lastKnownFileType = text.plist.xml; path = Info.plist; sourceTree = "<group>"; };
		599A63042A3227AA00B5DE10 /* JokeHost.swift */ = {isa = PBXFileReference; lastKnownFileType = sourcecode.swift; path = JokeHost.swift; sourceTree = "<group>"; };
		599A63062A322DB200B5DE10 /* JokeProgressView.swift */ = {isa = PBXFileReference; lastKnownFileType = sourcecode.swift; path = JokeProgressView.swift; sourceTree = "<group>"; };
		599A63082A3247A900B5DE10 /* Setup.swift */ = {isa = PBXFileReference; lastKnownFileType = sourcecode.swift; path = Setup.swift; sourceTree = "<group>"; };
		599A630B2A32553600B5DE10 /* ImageButton.swift */ = {isa = PBXFileReference; lastKnownFileType = sourcecode.swift; path = ImageButton.swift; sourceTree = "<group>"; };
		59AABAC72A33D68B00172CA8 /* Punchline.swift */ = {isa = PBXFileReference; lastKnownFileType = sourcecode.swift; path = Punchline.swift; sourceTree = "<group>"; };
		59AF641E2A32A58800F81EAE /* NiceSugar.ttf */ = {isa = PBXFileReference; lastKnownFileType = file; path = NiceSugar.ttf; sourceTree = "<group>"; };
		59E2A37C2A3753AD001C3774 /* ErrorView.swift */ = {isa = PBXFileReference; lastKnownFileType = sourcecode.swift; path = ErrorView.swift; sourceTree = "<group>"; };
		59EE38B12A34F7D300352C3D /* AnimationExt.swift */ = {isa = PBXFileReference; lastKnownFileType = sourcecode.swift; path = AnimationExt.swift; sourceTree = "<group>"; };
		59EE38B32A350AC600352C3D /* JokeTextModifier.swift */ = {isa = PBXFileReference; lastKnownFileType = sourcecode.swift; path = JokeTextModifier.swift; sourceTree = "<group>"; };
/* End PBXFileReference section */

/* Begin PBXFrameworksBuildPhase section */
		592CA88E2A2E6C75000FF91A /* Frameworks */ = {
			isa = PBXFrameworksBuildPhase;
			buildActionMask = 2147483647;
			files = (
			);
			runOnlyForDeploymentPostprocessing = 0;
		};
		592CA89E2A2E6C76000FF91A /* Frameworks */ = {
			isa = PBXFrameworksBuildPhase;
			buildActionMask = 2147483647;
			files = (
			);
			runOnlyForDeploymentPostprocessing = 0;
		};
		592CA8A82A2E6C76000FF91A /* Frameworks */ = {
			isa = PBXFrameworksBuildPhase;
			buildActionMask = 2147483647;
			files = (
			);
			runOnlyForDeploymentPostprocessing = 0;
		};
/* End PBXFrameworksBuildPhase section */

/* Begin PBXGroup section */
		590469802A2F89360007FD69 /* Data */ = {
			isa = PBXGroup;
			children = (
				590469A92A2FE5EF0007FD69 /* JokeRepositoryImplTest.swift */,
				592D337E2A312A1A009E4C16 /* FakeJokeRepository.swift */,
				590469A12A2FC6830007FD69 /* FakeNetworkManager.swift */,
			);
			path = Data;
			sourceTree = "<group>";
		};
		592CA8882A2E6C75000FF91A = {
			isa = PBXGroup;
			children = (
				592CA8932A2E6C75000FF91A /* TellMeAJoke */,
				592CA8A42A2E6C76000FF91A /* TellMeAJokeTests */,
				592CA8AE2A2E6C76000FF91A /* TellMeAJokeUITests */,
				592CA8922A2E6C75000FF91A /* Products */,
			);
			sourceTree = "<group>";
		};
		592CA8922A2E6C75000FF91A /* Products */ = {
			isa = PBXGroup;
			children = (
				592CA8912A2E6C75000FF91A /* TellMeAJoke.app */,
				592CA8A12A2E6C76000FF91A /* TellMeAJokeTests.xctest */,
				592CA8AB2A2E6C76000FF91A /* TellMeAJokeUITests.xctest */,
			);
			name = Products;
			sourceTree = "<group>";
		};
		592CA8932A2E6C75000FF91A /* TellMeAJoke */ = {
			isa = PBXGroup;
			children = (
				592CA8942A2E6C75000FF91A /* TellMeAJokeApp.swift */,
				5904699F2A2FC2B30007FD69 /* AppConstants.swift */,
				592CA8BF2A2E7436000FF91A /* Models */,
				592CA8BE2A2E73D3000FF91A /* Views */,
				592D33772A311617009E4C16 /* ViewModels */,
				595E9C502A32A00C009B45BE /* Fonts */,
				592CA8982A2E6C76000FF91A /* Assets.xcassets */,
				595E9C532A32A0FC009B45BE /* Info.plist */,
				592CA89A2A2E6C76000FF91A /* Preview Content */,
			);
			path = TellMeAJoke;
			sourceTree = "<group>";
		};
		592CA89A2A2E6C76000FF91A /* Preview Content */ = {
			isa = PBXGroup;
			children = (
				592CA89B2A2E6C76000FF91A /* Preview Assets.xcassets */,
			);
			path = "Preview Content";
			sourceTree = "<group>";
		};
		592CA8A42A2E6C76000FF91A /* TellMeAJokeTests */ = {
			isa = PBXGroup;
			children = (
				592D337A2A3121D9009E4C16 /* ViewModels */,
				592D337D2A3129EF009E4C16 /* Models */,
			);
			path = TellMeAJokeTests;
			sourceTree = "<group>";
		};
		592CA8AE2A2E6C76000FF91A /* TellMeAJokeUITests */ = {
			isa = PBXGroup;
			children = (
				59AABAC42A33C9B100172CA8 /* View */,
				592CA8AF2A2E6C76000FF91A /* TellMeAJokeUITests.swift */,
				592CA8B12A2E6C76000FF91A /* TellMeAJokeUITestsLaunchTests.swift */,
			);
			path = TellMeAJokeUITests;
			sourceTree = "<group>";
		};
		592CA8BE2A2E73D3000FF91A /* Views */ = {
			isa = PBXGroup;
			children = (
				592CA8962A2E6C75000FF91A /* ContentView.swift */,
				599A63032A32274B00B5DE10 /* Jokes */,
			);
			path = Views;
			sourceTree = "<group>";
		};
		592CA8BF2A2E7436000FF91A /* Models */ = {
			isa = PBXGroup;
			children = (
				592CA8C72A2E884D000FF91A /* Data */,
				592CA8C02A2E7575000FF91A /* Joke.swift */,
			);
			path = Models;
			sourceTree = "<group>";
		};
		592CA8C72A2E884D000FF91A /* Data */ = {
			isa = PBXGroup;
			children = (
				590469A72A2FCDF90007FD69 /* JokeRepositoryImpl.swift */,
				590469A52A2FCCFD0007FD69 /* JokeRepositoryProtocol.swift */,
				592CA8EA2A2E9984000FF91A /* JokeServiceProtocol.swift */,
				592CA8EC2A2E9B15000FF91A /* NetworkManager.swift */,
			);
			path = Data;
			sourceTree = "<group>";
		};
		592D33772A311617009E4C16 /* ViewModels */ = {
			isa = PBXGroup;
			children = (
				592D33782A31163E009E4C16 /* JokeViewModel.swift */,
			);
			path = ViewModels;
			sourceTree = "<group>";
		};
		592D337A2A3121D9009E4C16 /* ViewModels */ = {
			isa = PBXGroup;
			children = (
				592D337B2A3122AB009E4C16 /* JokeViewModelTest.swift */,
			);
			path = ViewModels;
			sourceTree = "<group>";
		};
		592D337D2A3129EF009E4C16 /* Models */ = {
			isa = PBXGroup;
			children = (
				5904699C2A2FC2660007FD69 /* JokeResponse.json */,
				590469802A2F89360007FD69 /* Data */,
			);
			path = Models;
			sourceTree = "<group>";
		};
		595E9C502A32A00C009B45BE /* Fonts */ = {
			isa = PBXGroup;
			children = (
				59AF641E2A32A58800F81EAE /* NiceSugar.ttf */,
			);
			path = Fonts;
			sourceTree = "<group>";
		};
		599A63032A32274B00B5DE10 /* Jokes */ = {
			isa = PBXGroup;
			children = (
				599A63042A3227AA00B5DE10 /* JokeHost.swift */,
				599A63062A322DB200B5DE10 /* JokeProgressView.swift */,
				599A63082A3247A900B5DE10 /* Setup.swift */,
				59AABAC72A33D68B00172CA8 /* Punchline.swift */,
				59E2A37C2A3753AD001C3774 /* ErrorView.swift */,
				599A630B2A32553600B5DE10 /* ImageButton.swift */,
				59EE38B32A350AC600352C3D /* JokeTextModifier.swift */,
				59EE38B12A34F7D300352C3D /* AnimationExt.swift */,
			);
			path = Jokes;
			sourceTree = "<group>";
		};
		59AABAC42A33C9B100172CA8 /* View */ = {
			isa = PBXGroup;
			children = (
			);
			path = View;
			sourceTree = "<group>";
		};
/* End PBXGroup section */

/* Begin PBXNativeTarget section */
		592CA8902A2E6C75000FF91A /* TellMeAJoke */ = {
			isa = PBXNativeTarget;
			buildConfigurationList = 592CA8B52A2E6C76000FF91A /* Build configuration list for PBXNativeTarget "TellMeAJoke" */;
			buildPhases = (
				592CA88D2A2E6C75000FF91A /* Sources */,
				592CA88E2A2E6C75000FF91A /* Frameworks */,
				592CA88F2A2E6C75000FF91A /* Resources */,
			);
			buildRules = (
			);
			dependencies = (
			);
			name = TellMeAJoke;
			productName = TellMeAJoke;
			productReference = 592CA8912A2E6C75000FF91A /* TellMeAJoke.app */;
			productType = "com.apple.product-type.application";
		};
		592CA8A02A2E6C76000FF91A /* TellMeAJokeTests */ = {
			isa = PBXNativeTarget;
			buildConfigurationList = 592CA8B82A2E6C76000FF91A /* Build configuration list for PBXNativeTarget "TellMeAJokeTests" */;
			buildPhases = (
				592CA89D2A2E6C76000FF91A /* Sources */,
				592CA89E2A2E6C76000FF91A /* Frameworks */,
				592CA89F2A2E6C76000FF91A /* Resources */,
			);
			buildRules = (
			);
			dependencies = (
				592CA8A32A2E6C76000FF91A /* PBXTargetDependency */,
			);
			name = TellMeAJokeTests;
			productName = TellMeAJokeTests;
			productReference = 592CA8A12A2E6C76000FF91A /* TellMeAJokeTests.xctest */;
			productType = "com.apple.product-type.bundle.unit-test";
		};
		592CA8AA2A2E6C76000FF91A /* TellMeAJokeUITests */ = {
			isa = PBXNativeTarget;
			buildConfigurationList = 592CA8BB2A2E6C76000FF91A /* Build configuration list for PBXNativeTarget "TellMeAJokeUITests" */;
			buildPhases = (
				592CA8A72A2E6C76000FF91A /* Sources */,
				592CA8A82A2E6C76000FF91A /* Frameworks */,
				592CA8A92A2E6C76000FF91A /* Resources */,
			);
			buildRules = (
			);
			dependencies = (
				592CA8AD2A2E6C76000FF91A /* PBXTargetDependency */,
			);
			name = TellMeAJokeUITests;
			productName = TellMeAJokeUITests;
			productReference = 592CA8AB2A2E6C76000FF91A /* TellMeAJokeUITests.xctest */;
			productType = "com.apple.product-type.bundle.ui-testing";
		};
/* End PBXNativeTarget section */

/* Begin PBXProject section */
		592CA8892A2E6C75000FF91A /* Project object */ = {
			isa = PBXProject;
			attributes = {
				BuildIndependentTargetsInParallel = 1;
				LastSwiftUpdateCheck = 1430;
				LastUpgradeCheck = 1430;
				TargetAttributes = {
					592CA8902A2E6C75000FF91A = {
						CreatedOnToolsVersion = 14.3;
					};
					592CA8A02A2E6C76000FF91A = {
						CreatedOnToolsVersion = 14.3;
						TestTargetID = 592CA8902A2E6C75000FF91A;
					};
					592CA8AA2A2E6C76000FF91A = {
						CreatedOnToolsVersion = 14.3;
						TestTargetID = 592CA8902A2E6C75000FF91A;
					};
				};
			};
			buildConfigurationList = 592CA88C2A2E6C75000FF91A /* Build configuration list for PBXProject "TellMeAJoke" */;
			compatibilityVersion = "Xcode 14.0";
			developmentRegion = en;
			hasScannedForEncodings = 0;
			knownRegions = (
				en,
				Base,
			);
			mainGroup = 592CA8882A2E6C75000FF91A;
			productRefGroup = 592CA8922A2E6C75000FF91A /* Products */;
			projectDirPath = "";
			projectRoot = "";
			targets = (
				592CA8902A2E6C75000FF91A /* TellMeAJoke */,
				592CA8A02A2E6C76000FF91A /* TellMeAJokeTests */,
				592CA8AA2A2E6C76000FF91A /* TellMeAJokeUITests */,
			);
		};
/* End PBXProject section */

/* Begin PBXResourcesBuildPhase section */
		592CA88F2A2E6C75000FF91A /* Resources */ = {
			isa = PBXResourcesBuildPhase;
			buildActionMask = 2147483647;
			files = (
				592CA89C2A2E6C76000FF91A /* Preview Assets.xcassets in Resources */,
				592CA8992A2E6C76000FF91A /* Assets.xcassets in Resources */,
				59AF641F2A32A58800F81EAE /* NiceSugar.ttf in Resources */,
			);
			runOnlyForDeploymentPostprocessing = 0;
		};
		592CA89F2A2E6C76000FF91A /* Resources */ = {
			isa = PBXResourcesBuildPhase;
			buildActionMask = 2147483647;
			files = (
				5904699D2A2FC2660007FD69 /* JokeResponse.json in Resources */,
			);
			runOnlyForDeploymentPostprocessing = 0;
		};
		592CA8A92A2E6C76000FF91A /* Resources */ = {
			isa = PBXResourcesBuildPhase;
			buildActionMask = 2147483647;
			files = (
			);
			runOnlyForDeploymentPostprocessing = 0;
		};
/* End PBXResourcesBuildPhase section */

/* Begin PBXSourcesBuildPhase section */
		592CA88D2A2E6C75000FF91A /* Sources */ = {
			isa = PBXSourcesBuildPhase;
			buildActionMask = 2147483647;
			files = (
				59AABAC82A33D68B00172CA8 /* Punchline.swift in Sources */,
				592CA8972A2E6C75000FF91A /* ContentView.swift in Sources */,
				592D33792A31163E009E4C16 /* JokeViewModel.swift in Sources */,
				592CA8952A2E6C75000FF91A /* TellMeAJokeApp.swift in Sources */,
				599A63072A322DB200B5DE10 /* JokeProgressView.swift in Sources */,
				599A63092A3247A900B5DE10 /* Setup.swift in Sources */,
				592CA8ED2A2E9B15000FF91A /* NetworkManager.swift in Sources */,
				59EE38B42A350AC600352C3D /* JokeTextModifier.swift in Sources */,
				592CA8EB2A2E9984000FF91A /* JokeServiceProtocol.swift in Sources */,
				599A630C2A32553600B5DE10 /* ImageButton.swift in Sources */,
				592CA8C12A2E7575000FF91A /* Joke.swift in Sources */,
				599A63052A3227AA00B5DE10 /* JokeHost.swift in Sources */,
				59EE38B22A34F7D300352C3D /* AnimationExt.swift in Sources */,
				59E2A37D2A3753AD001C3774 /* ErrorView.swift in Sources */,
				590469A02A2FC2B30007FD69 /* AppConstants.swift in Sources */,
				590469A82A2FCDF90007FD69 /* JokeRepositoryImpl.swift in Sources */,
				590469A62A2FCCFD0007FD69 /* JokeRepositoryProtocol.swift in Sources */,
			);
			runOnlyForDeploymentPostprocessing = 0;
		};
		592CA89D2A2E6C76000FF91A /* Sources */ = {
			isa = PBXSourcesBuildPhase;
			buildActionMask = 2147483647;
			files = (
				590469A22A2FC6830007FD69 /* FakeNetworkManager.swift in Sources */,
				592D337F2A312A1A009E4C16 /* FakeJokeRepository.swift in Sources */,
				590469AA2A2FE5EF0007FD69 /* JokeRepositoryImplTest.swift in Sources */,
				592D337C2A3122AB009E4C16 /* JokeViewModelTest.swift in Sources */,
			);
			runOnlyForDeploymentPostprocessing = 0;
		};
		592CA8A72A2E6C76000FF91A /* Sources */ = {
			isa = PBXSourcesBuildPhase;
			buildActionMask = 2147483647;
			files = (
				592CA8B22A2E6C76000FF91A /* TellMeAJokeUITestsLaunchTests.swift in Sources */,
				592CA8B02A2E6C76000FF91A /* TellMeAJokeUITests.swift in Sources */,
			);
			runOnlyForDeploymentPostprocessing = 0;
		};
/* End PBXSourcesBuildPhase section */

/* Begin PBXTargetDependency section */
		592CA8A32A2E6C76000FF91A /* PBXTargetDependency */ = {
			isa = PBXTargetDependency;
			target = 592CA8902A2E6C75000FF91A /* TellMeAJoke */;
			targetProxy = 592CA8A22A2E6C76000FF91A /* PBXContainerItemProxy */;
		};
		592CA8AD2A2E6C76000FF91A /* PBXTargetDependency */ = {
			isa = PBXTargetDependency;
			target = 592CA8902A2E6C75000FF91A /* TellMeAJoke */;
			targetProxy = 592CA8AC2A2E6C76000FF91A /* PBXContainerItemProxy */;
		};
/* End PBXTargetDependency section */

/* Begin XCBuildConfiguration section */
		592CA8B32A2E6C76000FF91A /* Debug */ = {
			isa = XCBuildConfiguration;
			buildSettings = {
				ALWAYS_SEARCH_USER_PATHS = NO;
				CLANG_ANALYZER_NONNULL = YES;
				CLANG_ANALYZER_NUMBER_OBJECT_CONVERSION = YES_AGGRESSIVE;
				CLANG_CXX_LANGUAGE_STANDARD = "gnu++20";
				CLANG_ENABLE_MODULES = YES;
				CLANG_ENABLE_OBJC_ARC = YES;
				CLANG_ENABLE_OBJC_WEAK = YES;
				CLANG_WARN_BLOCK_CAPTURE_AUTORELEASING = YES;
				CLANG_WARN_BOOL_CONVERSION = YES;
				CLANG_WARN_COMMA = YES;
				CLANG_WARN_CONSTANT_CONVERSION = YES;
				CLANG_WARN_DEPRECATED_OBJC_IMPLEMENTATIONS = YES;
				CLANG_WARN_DIRECT_OBJC_ISA_USAGE = YES_ERROR;
				CLANG_WARN_DOCUMENTATION_COMMENTS = YES;
				CLANG_WARN_EMPTY_BODY = YES;
				CLANG_WARN_ENUM_CONVERSION = YES;
				CLANG_WARN_INFINITE_RECURSION = YES;
				CLANG_WARN_INT_CONVERSION = YES;
				CLANG_WARN_NON_LITERAL_NULL_CONVERSION = YES;
				CLANG_WARN_OBJC_IMPLICIT_RETAIN_SELF = YES;
				CLANG_WARN_OBJC_LITERAL_CONVERSION = YES;
				CLANG_WARN_OBJC_ROOT_CLASS = YES_ERROR;
				CLANG_WARN_QUOTED_INCLUDE_IN_FRAMEWORK_HEADER = YES;
				CLANG_WARN_RANGE_LOOP_ANALYSIS = YES;
				CLANG_WARN_STRICT_PROTOTYPES = YES;
				CLANG_WARN_SUSPICIOUS_MOVE = YES;
				CLANG_WARN_UNGUARDED_AVAILABILITY = YES_AGGRESSIVE;
				CLANG_WARN_UNREACHABLE_CODE = YES;
				CLANG_WARN__DUPLICATE_METHOD_MATCH = YES;
				COPY_PHASE_STRIP = NO;
				DEBUG_INFORMATION_FORMAT = dwarf;
				ENABLE_STRICT_OBJC_MSGSEND = YES;
				ENABLE_TESTABILITY = YES;
				GCC_C_LANGUAGE_STANDARD = gnu11;
				GCC_DYNAMIC_NO_PIC = NO;
				GCC_NO_COMMON_BLOCKS = YES;
				GCC_OPTIMIZATION_LEVEL = 0;
				GCC_PREPROCESSOR_DEFINITIONS = (
					"DEBUG=1",
					"$(inherited)",
				);
				GCC_WARN_64_TO_32_BIT_CONVERSION = YES;
				GCC_WARN_ABOUT_RETURN_TYPE = YES_ERROR;
				GCC_WARN_UNDECLARED_SELECTOR = YES;
				GCC_WARN_UNINITIALIZED_AUTOS = YES_AGGRESSIVE;
				GCC_WARN_UNUSED_FUNCTION = YES;
				GCC_WARN_UNUSED_VARIABLE = YES;
				IPHONEOS_DEPLOYMENT_TARGET = 16.4;
				MTL_ENABLE_DEBUG_INFO = INCLUDE_SOURCE;
				MTL_FAST_MATH = YES;
				ONLY_ACTIVE_ARCH = YES;
				SDKROOT = iphoneos;
				SWIFT_ACTIVE_COMPILATION_CONDITIONS = DEBUG;
				SWIFT_OPTIMIZATION_LEVEL = "-Onone";
			};
			name = Debug;
		};
		592CA8B42A2E6C76000FF91A /* Release */ = {
			isa = XCBuildConfiguration;
			buildSettings = {
				ALWAYS_SEARCH_USER_PATHS = NO;
				CLANG_ANALYZER_NONNULL = YES;
				CLANG_ANALYZER_NUMBER_OBJECT_CONVERSION = YES_AGGRESSIVE;
				CLANG_CXX_LANGUAGE_STANDARD = "gnu++20";
				CLANG_ENABLE_MODULES = YES;
				CLANG_ENABLE_OBJC_ARC = YES;
				CLANG_ENABLE_OBJC_WEAK = YES;
				CLANG_WARN_BLOCK_CAPTURE_AUTORELEASING = YES;
				CLANG_WARN_BOOL_CONVERSION = YES;
				CLANG_WARN_COMMA = YES;
				CLANG_WARN_CONSTANT_CONVERSION = YES;
				CLANG_WARN_DEPRECATED_OBJC_IMPLEMENTATIONS = YES;
				CLANG_WARN_DIRECT_OBJC_ISA_USAGE = YES_ERROR;
				CLANG_WARN_DOCUMENTATION_COMMENTS = YES;
				CLANG_WARN_EMPTY_BODY = YES;
				CLANG_WARN_ENUM_CONVERSION = YES;
				CLANG_WARN_INFINITE_RECURSION = YES;
				CLANG_WARN_INT_CONVERSION = YES;
				CLANG_WARN_NON_LITERAL_NULL_CONVERSION = YES;
				CLANG_WARN_OBJC_IMPLICIT_RETAIN_SELF = YES;
				CLANG_WARN_OBJC_LITERAL_CONVERSION = YES;
				CLANG_WARN_OBJC_ROOT_CLASS = YES_ERROR;
				CLANG_WARN_QUOTED_INCLUDE_IN_FRAMEWORK_HEADER = YES;
				CLANG_WARN_RANGE_LOOP_ANALYSIS = YES;
				CLANG_WARN_STRICT_PROTOTYPES = YES;
				CLANG_WARN_SUSPICIOUS_MOVE = YES;
				CLANG_WARN_UNGUARDED_AVAILABILITY = YES_AGGRESSIVE;
				CLANG_WARN_UNREACHABLE_CODE = YES;
				CLANG_WARN__DUPLICATE_METHOD_MATCH = YES;
				COPY_PHASE_STRIP = NO;
				DEBUG_INFORMATION_FORMAT = "dwarf-with-dsym";
				ENABLE_NS_ASSERTIONS = NO;
				ENABLE_STRICT_OBJC_MSGSEND = YES;
				GCC_C_LANGUAGE_STANDARD = gnu11;
				GCC_NO_COMMON_BLOCKS = YES;
				GCC_WARN_64_TO_32_BIT_CONVERSION = YES;
				GCC_WARN_ABOUT_RETURN_TYPE = YES_ERROR;
				GCC_WARN_UNDECLARED_SELECTOR = YES;
				GCC_WARN_UNINITIALIZED_AUTOS = YES_AGGRESSIVE;
				GCC_WARN_UNUSED_FUNCTION = YES;
				GCC_WARN_UNUSED_VARIABLE = YES;
				IPHONEOS_DEPLOYMENT_TARGET = 16.4;
				MTL_ENABLE_DEBUG_INFO = NO;
				MTL_FAST_MATH = YES;
				SDKROOT = iphoneos;
				SWIFT_COMPILATION_MODE = wholemodule;
				SWIFT_OPTIMIZATION_LEVEL = "-O";
				VALIDATE_PRODUCT = YES;
			};
			name = Release;
		};
		592CA8B62A2E6C76000FF91A /* Debug */ = {
			isa = XCBuildConfiguration;
			buildSettings = {
				ASSETCATALOG_COMPILER_APPICON_NAME = AppIcon;
				ASSETCATALOG_COMPILER_GLOBAL_ACCENT_COLOR_NAME = AccentColor;
				CODE_SIGN_STYLE = Automatic;
				CURRENT_PROJECT_VERSION = 1;
				DEVELOPMENT_ASSET_PATHS = "\"TellMeAJoke/Preview Content\"";
				DEVELOPMENT_TEAM = 7J8HCQ4QVS;
				ENABLE_PREVIEWS = YES;
				GENERATE_INFOPLIST_FILE = YES;
				INFOPLIST_FILE = TellMeAJoke/Info.plist;
				INFOPLIST_KEY_LSApplicationCategoryType = "";
				INFOPLIST_KEY_UIApplicationSceneManifest_Generation = YES;
				INFOPLIST_KEY_UIApplicationSupportsIndirectInputEvents = YES;
				INFOPLIST_KEY_UIStatusBarStyle = UIStatusBarStyleLightContent;
				INFOPLIST_KEY_UISupportedInterfaceOrientations_iPad = "UIInterfaceOrientationPortrait UIInterfaceOrientationPortraitUpsideDown UIInterfaceOrientationLandscapeLeft UIInterfaceOrientationLandscapeRight";
				INFOPLIST_KEY_UISupportedInterfaceOrientations_iPhone = "UIInterfaceOrientationPortrait UIInterfaceOrientationLandscapeLeft UIInterfaceOrientationLandscapeRight";
				IPHONEOS_DEPLOYMENT_TARGET = 15.5;
				LD_RUNPATH_SEARCH_PATHS = (
					"$(inherited)",
					"@executable_path/Frameworks",
				);
				MARKETING_VERSION = 1.0;
				PRODUCT_BUNDLE_IDENTIFIER = com.levi.TellMeAJoke;
				PRODUCT_NAME = "$(TARGET_NAME)";
				SWIFT_EMIT_LOC_STRINGS = YES;
				SWIFT_VERSION = 5.0;
				TARGETED_DEVICE_FAMILY = "1,2";
			};
			name = Debug;
		};
		592CA8B72A2E6C76000FF91A /* Release */ = {
			isa = XCBuildConfiguration;
			buildSettings = {
				ASSETCATALOG_COMPILER_APPICON_NAME = AppIcon;
				ASSETCATALOG_COMPILER_GLOBAL_ACCENT_COLOR_NAME = AccentColor;
				CODE_SIGN_STYLE = Automatic;
				CURRENT_PROJECT_VERSION = 1;
				DEVELOPMENT_ASSET_PATHS = "\"TellMeAJoke/Preview Content\"";
				DEVELOPMENT_TEAM = 7J8HCQ4QVS;
				ENABLE_PREVIEWS = YES;
				GENERATE_INFOPLIST_FILE = YES;
				INFOPLIST_FILE = TellMeAJoke/Info.plist;
				INFOPLIST_KEY_LSApplicationCategoryType = "";
				INFOPLIST_KEY_UIApplicationSceneManifest_Generation = YES;
				INFOPLIST_KEY_UIApplicationSupportsIndirectInputEvents = YES;
				INFOPLIST_KEY_UIStatusBarStyle = UIStatusBarStyleLightContent;
				INFOPLIST_KEY_UISupportedInterfaceOrientations_iPad = "UIInterfaceOrientationPortrait UIInterfaceOrientationPortraitUpsideDown UIInterfaceOrientationLandscapeLeft UIInterfaceOrientationLandscapeRight";
				INFOPLIST_KEY_UISupportedInterfaceOrientations_iPhone = "UIInterfaceOrientationPortrait UIInterfaceOrientationLandscapeLeft UIInterfaceOrientationLandscapeRight";
				IPHONEOS_DEPLOYMENT_TARGET = 15.5;
				LD_RUNPATH_SEARCH_PATHS = (
					"$(inherited)",
					"@executable_path/Frameworks",
				);
				MARKETING_VERSION = 1.0;
				PRODUCT_BUNDLE_IDENTIFIER = com.levi.TellMeAJoke;
				PRODUCT_NAME = "$(TARGET_NAME)";
				SWIFT_EMIT_LOC_STRINGS = YES;
				SWIFT_VERSION = 5.0;
				TARGETED_DEVICE_FAMILY = "1,2";
			};
			name = Release;
		};
		592CA8B92A2E6C76000FF91A /* Debug */ = {
			isa = XCBuildConfiguration;
			buildSettings = {
				ALWAYS_EMBED_SWIFT_STANDARD_LIBRARIES = YES;
				BUNDLE_LOADER = "$(TEST_HOST)";
				CODE_SIGN_STYLE = Automatic;
				CURRENT_PROJECT_VERSION = 1;
				DEVELOPMENT_TEAM = 7J8HCQ4QVS;
				GENERATE_INFOPLIST_FILE = YES;
				IPHONEOS_DEPLOYMENT_TARGET = 16.4;
				MARKETING_VERSION = 1.0;
				PRODUCT_BUNDLE_IDENTIFIER = com.levi.TellMeAJokeTests;
				PRODUCT_NAME = "$(TARGET_NAME)";
				SWIFT_EMIT_LOC_STRINGS = NO;
				SWIFT_VERSION = 5.0;
				TARGETED_DEVICE_FAMILY = "1,2";
				TEST_HOST = "$(BUILT_PRODUCTS_DIR)/TellMeAJoke.app/$(BUNDLE_EXECUTABLE_FOLDER_PATH)/TellMeAJoke";
			};
			name = Debug;
		};
		592CA8BA2A2E6C76000FF91A /* Release */ = {
			isa = XCBuildConfiguration;
			buildSettings = {
				ALWAYS_EMBED_SWIFT_STANDARD_LIBRARIES = YES;
				BUNDLE_LOADER = "$(TEST_HOST)";
				CODE_SIGN_STYLE = Automatic;
				CURRENT_PROJECT_VERSION = 1;
				DEVELOPMENT_TEAM = 7J8HCQ4QVS;
				GENERATE_INFOPLIST_FILE = YES;
				IPHONEOS_DEPLOYMENT_TARGET = 16.4;
				MARKETING_VERSION = 1.0;
				PRODUCT_BUNDLE_IDENTIFIER = com.levi.TellMeAJokeTests;
				PRODUCT_NAME = "$(TARGET_NAME)";
				SWIFT_EMIT_LOC_STRINGS = NO;
				SWIFT_VERSION = 5.0;
				TARGETED_DEVICE_FAMILY = "1,2";
				TEST_HOST = "$(BUILT_PRODUCTS_DIR)/TellMeAJoke.app/$(BUNDLE_EXECUTABLE_FOLDER_PATH)/TellMeAJoke";
			};
			name = Release;
		};
		592CA8BC2A2E6C76000FF91A /* Debug */ = {
			isa = XCBuildConfiguration;
			buildSettings = {
				ALWAYS_EMBED_SWIFT_STANDARD_LIBRARIES = YES;
				CODE_SIGN_STYLE = Automatic;
				CURRENT_PROJECT_VERSION = 1;
				DEVELOPMENT_TEAM = 7J8HCQ4QVS;
				GENERATE_INFOPLIST_FILE = YES;
				MARKETING_VERSION = 1.0;
				PRODUCT_BUNDLE_IDENTIFIER = com.levi.TellMeAJokeUITests;
				PRODUCT_NAME = "$(TARGET_NAME)";
				SWIFT_EMIT_LOC_STRINGS = NO;
				SWIFT_VERSION = 5.0;
				TARGETED_DEVICE_FAMILY = "1,2";
				TEST_TARGET_NAME = TellMeAJoke;
			};
			name = Debug;
		};
		592CA8BD2A2E6C76000FF91A /* Release */ = {
			isa = XCBuildConfiguration;
			buildSettings = {
				ALWAYS_EMBED_SWIFT_STANDARD_LIBRARIES = YES;
				CODE_SIGN_STYLE = Automatic;
				CURRENT_PROJECT_VERSION = 1;
				DEVELOPMENT_TEAM = 7J8HCQ4QVS;
				GENERATE_INFOPLIST_FILE = YES;
				MARKETING_VERSION = 1.0;
				PRODUCT_BUNDLE_IDENTIFIER = com.levi.TellMeAJokeUITests;
				PRODUCT_NAME = "$(TARGET_NAME)";
				SWIFT_EMIT_LOC_STRINGS = NO;
				SWIFT_VERSION = 5.0;
				TARGETED_DEVICE_FAMILY = "1,2";
				TEST_TARGET_NAME = TellMeAJoke;
			};
			name = Release;
		};
/* End XCBuildConfiguration section */

/* Begin XCConfigurationList section */
		592CA88C2A2E6C75000FF91A /* Build configuration list for PBXProject "TellMeAJoke" */ = {
			isa = XCConfigurationList;
			buildConfigurations = (
				592CA8B32A2E6C76000FF91A /* Debug */,
				592CA8B42A2E6C76000FF91A /* Release */,
			);
			defaultConfigurationIsVisible = 0;
			defaultConfigurationName = Release;
		};
		592CA8B52A2E6C76000FF91A /* Build configuration list for PBXNativeTarget "TellMeAJoke" */ = {
			isa = XCConfigurationList;
			buildConfigurations = (
				592CA8B62A2E6C76000FF91A /* Debug */,
				592CA8B72A2E6C76000FF91A /* Release */,
			);
			defaultConfigurationIsVisible = 0;
			defaultConfigurationName = Release;
		};
		592CA8B82A2E6C76000FF91A /* Build configuration list for PBXNativeTarget "TellMeAJokeTests" */ = {
			isa = XCConfigurationList;
			buildConfigurations = (
				592CA8B92A2E6C76000FF91A /* Debug */,
				592CA8BA2A2E6C76000FF91A /* Release */,
			);
			defaultConfigurationIsVisible = 0;
			defaultConfigurationName = Release;
		};
		592CA8BB2A2E6C76000FF91A /* Build configuration list for PBXNativeTarget "TellMeAJokeUITests" */ = {
			isa = XCConfigurationList;
			buildConfigurations = (
				592CA8BC2A2E6C76000FF91A /* Debug */,
				592CA8BD2A2E6C76000FF91A /* Release */,
			);
			defaultConfigurationIsVisible = 0;
			defaultConfigurationName = Release;
		};
/* End XCConfigurationList section */
	};
	rootObject = 592CA8892A2E6C75000FF91A /* Project object */;
}
